
Microsoft Visual Studio Solution File, Format Version 12.00
# Visual Studio Version 16
VisualStudioVersion = 16.0.30011.22
MinimumVisualStudioVersion = 10.0.40219.1
<<<<<<< HEAD
Project("{9A19103F-16F7-4668-BE54-9A1E7A4F7556}") = "SW", "SW.UI\SW.csproj", "{AC8D4692-AEEF-4B42-ABAC-21A88D910711}"
=======
Project("{9A19103F-16F7-4668-BE54-9A1E7A4F7556}") = "SW.UI", "SW.UI\SW.UI.csproj", "{AC8D4692-AEEF-4B42-ABAC-21A88D910711}"
EndProject
Project("{9A19103F-16F7-4668-BE54-9A1E7A4F7556}") = "SW.Data", "SW.Data\SW.Data.csproj", "{3C3A1343-C24B-4F0C-B26A-B9DEB1C361CA}"
<<<<<<< HEAD
>>>>>>> parent of 4bd6042... Login/Register
=======
>>>>>>> parent of 4bd6042... Login/Register
EndProject
Global
	GlobalSection(SolutionConfigurationPlatforms) = preSolution
		Debug|Any CPU = Debug|Any CPU
		Release|Any CPU = Release|Any CPU
	EndGlobalSection
	GlobalSection(ProjectConfigurationPlatforms) = postSolution
		{AC8D4692-AEEF-4B42-ABAC-21A88D910711}.Debug|Any CPU.ActiveCfg = Debug|Any CPU
		{AC8D4692-AEEF-4B42-ABAC-21A88D910711}.Debug|Any CPU.Build.0 = Debug|Any CPU
		{AC8D4692-AEEF-4B42-ABAC-21A88D910711}.Release|Any CPU.ActiveCfg = Release|Any CPU
		{AC8D4692-AEEF-4B42-ABAC-21A88D910711}.Release|Any CPU.Build.0 = Release|Any CPU
<<<<<<< HEAD
<<<<<<< HEAD
=======
=======
>>>>>>> parent of 4bd6042... Login/Register
		{3C3A1343-C24B-4F0C-B26A-B9DEB1C361CA}.Debug|Any CPU.ActiveCfg = Debug|Any CPU
		{3C3A1343-C24B-4F0C-B26A-B9DEB1C361CA}.Debug|Any CPU.Build.0 = Debug|Any CPU
		{3C3A1343-C24B-4F0C-B26A-B9DEB1C361CA}.Release|Any CPU.ActiveCfg = Release|Any CPU
		{3C3A1343-C24B-4F0C-B26A-B9DEB1C361CA}.Release|Any CPU.Build.0 = Release|Any CPU
<<<<<<< HEAD
>>>>>>> parent of 4bd6042... Login/Register
=======
>>>>>>> parent of 4bd6042... Login/Register
	EndGlobalSection
	GlobalSection(SolutionProperties) = preSolution
		HideSolutionNode = FALSE
	EndGlobalSection
	GlobalSection(ExtensibilityGlobals) = postSolution
		SolutionGuid = {13F90CFF-3B63-42FC-8AA0-422EB4849128}
	EndGlobalSection
EndGlobal
